
Microsoft Visual Studio Solution File, Format Version 12.00
# Visual Studio Version 17
VisualStudioVersion = 17.11.35303.130
MinimumVisualStudioVersion = 10.0.40219.1
Project("{2150E333-8FDC-42A3-9474-1A3956D46DE8}") = "Services", "Services", "{488DD2FB-B76F-421E-95B0-0AA904675188}"
EndProject
Project("{2150E333-8FDC-42A3-9474-1A3956D46DE8}") = "Frontend", "Frontend", "{76F796C5-51D8-4C11-900B-6C2B140E1EEC}"
EndProject
Project("{FAE04EC0-301F-11D3-BF4B-00C04F79EFBC}") = "GeekShopping.Web", "GeekShopping.Web\GeekShopping.Web.csproj", "{2887A311-7CD4-4568-90E7-AF011DEB9FC4}"
EndProject
Project("{FAE04EC0-301F-11D3-BF4B-00C04F79EFBC}") = "GeekShopping.ProductsAPI", "GeekShopping.ProductsAPI\GeekShopping.ProductsAPI.csproj", "{7FD12E88-0DEC-4BFA-A8B9-2075750273D1}"
EndProject
Global
	GlobalSection(SolutionConfigurationPlatforms) = preSolution
		Debug|Any CPU = Debug|Any CPU
		Release|Any CPU = Release|Any CPU
	EndGlobalSection
	GlobalSection(ProjectConfigurationPlatforms) = postSolution
		{2887A311-7CD4-4568-90E7-AF011DEB9FC4}.Debug|Any CPU.ActiveCfg = Debug|Any CPU
		{2887A311-7CD4-4568-90E7-AF011DEB9FC4}.Debug|Any CPU.Build.0 = Debug|Any CPU
		{2887A311-7CD4-4568-90E7-AF011DEB9FC4}.Release|Any CPU.ActiveCfg = Release|Any CPU
		{2887A311-7CD4-4568-90E7-AF011DEB9FC4}.Release|Any CPU.Build.0 = Release|Any CPU
		{7FD12E88-0DEC-4BFA-A8B9-2075750273D1}.Debug|Any CPU.ActiveCfg = Debug|Any CPU
		{7FD12E88-0DEC-4BFA-A8B9-2075750273D1}.Debug|Any CPU.Build.0 = Debug|Any CPU
		{7FD12E88-0DEC-4BFA-A8B9-2075750273D1}.Release|Any CPU.ActiveCfg = Release|Any CPU
		{7FD12E88-0DEC-4BFA-A8B9-2075750273D1}.Release|Any CPU.Build.0 = Release|Any CPU
	EndGlobalSection
	GlobalSection(SolutionProperties) = preSolution
		HideSolutionNode = FALSE
	EndGlobalSection
	GlobalSection(NestedProjects) = preSolution
		{2887A311-7CD4-4568-90E7-AF011DEB9FC4} = {76F796C5-51D8-4C11-900B-6C2B140E1EEC}
		{7FD12E88-0DEC-4BFA-A8B9-2075750273D1} = {488DD2FB-B76F-421E-95B0-0AA904675188}
	EndGlobalSection
	GlobalSection(ExtensibilityGlobals) = postSolution
		SolutionGuid = {974304E9-6DB0-4751-9139-51F5F5259629}
	EndGlobalSection
EndGlobal
